<?xml version="1.0" encoding="utf-8"?>
<Project ToolsVersion="4.0" xmlns="http://schemas.microsoft.com/developer/msbuild/2003">
  <ItemGroup>
    <Filter Include="소스 파일">
      <UniqueIdentifier>{4FC737F1-C7A5-4376-A066-2A32D752A2FF}</UniqueIdentifier>
      <Extensions>cpp;c;cc;cxx;def;odl;idl;hpj;bat;asm;asmx</Extensions>
    </Filter>
    <Filter Include="헤더 파일">
      <UniqueIdentifier>{93995380-89BD-4b04-88EB-625FBE52EBFB}</UniqueIdentifier>
      <Extensions>h;hh;hpp;hxx;hm;inl;inc;xsd</Extensions>
    </Filter>
    <Filter Include="리소스 파일">
      <UniqueIdentifier>{67DA6AB6-F800-4c08-8B7A-83BB121AAD01}</UniqueIdentifier>
      <Extensions>rc;ico;cur;bmp;dlg;rc2;rct;bin;rgs;gif;jpg;jpeg;jpe;resx;tiff;tif;png;wav;mfcribbon-ms</Extensions>
    </Filter>
    <Filter Include="00.Maingame">
      <UniqueIdentifier>{db7eb61a-6cbb-4795-875f-1cbd825d2292}</UniqueIdentifier>
    </Filter>
    <Filter Include="01.Obj">
      <UniqueIdentifier>{1255148e-8542-4d27-9fe4-6447130a2487}</UniqueIdentifier>
    </Filter>
    <Filter Include="98.Design">
      <UniqueIdentifier>{00add6c6-ef0e-4c86-87c4-89328e8b4d52}</UniqueIdentifier>
    </Filter>
    <Filter Include="99.Header">
      <UniqueIdentifier>{2a8b5c0b-1023-499c-af40-0e7f24952e22}</UniqueIdentifier>
    </Filter>
    <Filter Include="01.Obj\00.Player">
      <UniqueIdentifier>{ac2d8260-07e2-46ca-ae80-ddb3a0fcdd4f}</UniqueIdentifier>
    </Filter>
    <Filter Include="01.Obj\01.Bullet">
      <UniqueIdentifier>{dab1b85a-4bd0-487e-8492-035c8533595e}</UniqueIdentifier>
    </Filter>
    <Filter Include="01.Obj\02.Monster">
      <UniqueIdentifier>{5813e615-3bf3-4088-9ff2-ffb0d22c9f8a}</UniqueIdentifier>
    </Filter>
    <Filter Include="98.Design\00.AbstractFactory">
      <UniqueIdentifier>{49d50af1-bc78-4c60-80d5-cc9aacd3cb26}</UniqueIdentifier>
    </Filter>
    <Filter Include="98.Design\01.Collision">
      <UniqueIdentifier>{2960f580-2ce2-4ee6-94a9-3c8311fb2a4f}</UniqueIdentifier>
    </Filter>
    <Filter Include="01.Obj\04.Shield">
      <UniqueIdentifier>{e06872db-0b02-44e4-b087-2a855a10623e}</UniqueIdentifier>
    </Filter>
    <Filter Include="01.Obj\05.RollBot">
      <UniqueIdentifier>{64115fe9-9c2b-4bef-94a8-eef1ab80d95c}</UniqueIdentifier>
    </Filter>
    <Filter Include="01.Obj\04.Bullet_Monster">
      <UniqueIdentifier>{e355c760-7e1f-44f6-bdae-2a663858b4e7}</UniqueIdentifier>
    </Filter>
    <Filter Include="01.Obj\02.Monster\02.Monster_A">
      <UniqueIdentifier>{8559d5fe-b64f-4a72-a78a-287dd8041340}</UniqueIdentifier>
    </Filter>
    <Filter Include="01.Obj\02.Monster\03.Monster_B">
      <UniqueIdentifier>{fe3bdac8-0d48-4fbe-a453-3b7f277d68d3}</UniqueIdentifier>
    </Filter>
    <Filter Include="01.Obj\02.Monster\04.Monster_C">
      <UniqueIdentifier>{da77e7de-a511-4629-923e-db9f2e0dce9f}</UniqueIdentifier>
    </Filter>
    <Filter Include="01.Obj\03.Item">
      <UniqueIdentifier>{c7d752df-01d0-4803-93ce-2366d939fb73}</UniqueIdentifier>
    </Filter>
    <Filter Include="01.Obj\06.Ultimate">
      <UniqueIdentifier>{ab704782-9003-4db4-a87f-9f06d919444d}</UniqueIdentifier>
    </Filter>
    <Filter Include="01.Obj\03.Item\00.Shield">
      <UniqueIdentifier>{f8a3b921-c860-46f3-bf93-09c3cb45b1e6}</UniqueIdentifier>
    </Filter>
    <Filter Include="01.Obj\03.Item\01.RollBot">
      <UniqueIdentifier>{3427b4c5-9566-4c17-a62e-adc3a77b1670}</UniqueIdentifier>
    </Filter>
    <Filter Include="01.Obj\03.Item\02.Ultimate">
      <UniqueIdentifier>{04da8d09-dcbd-4d63-a777-ce9b679dd383}</UniqueIdentifier>
    </Filter>
    <Filter Include="01.Obj\03.Item\04.Guided">
      <UniqueIdentifier>{e1578ae9-7298-4a82-bd8d-5c68ddf71c42}</UniqueIdentifier>
    </Filter>
    <Filter Include="01.Obj\03.Item\05.Item_Bullet">
      <UniqueIdentifier>{67dc7e46-a1f8-406c-8bc4-992aee6ae7a8}</UniqueIdentifier>
    </Filter>
	<Filter Include="01.Obj\02.Monster\01.Monster_Boss">
      <UniqueIdentifier>{4adcafa5-9c73-4bad-bce4-74d69e980afa}</UniqueIdentifier>
    </Filter>
    <Filter Include="01.Obj\01.Bullet\00. ScrewBullet">
      <UniqueIdentifier>{7be49676-2bfe-4db0-be4f-6d2eed84cc7e}</UniqueIdentifier>
    </Filter>
    <Filter Include="01.Obj\01.Bullet\01. GuiBullet">
      <UniqueIdentifier>{2d407ca3-3566-4766-8bf2-d137fde157a2}</UniqueIdentifier>
    </Filter>
  </ItemGroup>
  <ItemGroup>
    <Text Include="ReadMe.txt" />
  </ItemGroup>
  <ItemGroup>
    <ClInclude Include="stdafx.h">
      <Filter>헤더 파일</Filter>
    </ClInclude>
    <ClInclude Include="targetver.h">
      <Filter>헤더 파일</Filter>
    </ClInclude>
    <ClInclude Include="Resource.h">
      <Filter>헤더 파일</Filter>
    </ClInclude>
    <ClInclude Include="Team_1.h">
      <Filter>헤더 파일</Filter>
    </ClInclude>
    <ClInclude Include="Include.h">
      <Filter>99.Header</Filter>
    </ClInclude>
    <ClInclude Include="Enum.h">
      <Filter>99.Header</Filter>
    </ClInclude>
    <ClInclude Include="Struct.h">
      <Filter>99.Header</Filter>
    </ClInclude>
    <ClInclude Include="Functor.h">
      <Filter>99.Header</Filter>
    </ClInclude>
    <ClInclude Include="Define.h">
      <Filter>99.Header</Filter>
    </ClInclude>
    <ClInclude Include="Obj.h">
      <Filter>01.Obj</Filter>
    </ClInclude>
    <ClInclude Include="Maingame.h">
      <Filter>00.Maingame</Filter>
    </ClInclude>
    <ClInclude Include="Player.h">
      <Filter>01.Obj\00.Player</Filter>
    </ClInclude>
    <ClInclude Include="Bullet.h">
      <Filter>01.Obj\01.Bullet</Filter>
    </ClInclude>
    <ClInclude Include="Monster.h">
      <Filter>01.Obj\02.Monster</Filter>
    </ClInclude>
    <ClInclude Include="Item.h">
      <Filter>01.Obj\03.Item</Filter>
    </ClInclude>
    <ClInclude Include="AbstractFactory.h">
      <Filter>98.Design\00.AbstractFactory</Filter>
    </ClInclude>
    <ClInclude Include="Collision.h">
      <Filter>98.Design\01.Collision</Filter>
    </ClInclude>
    <ClInclude Include="ItemFactory.h">
      <Filter>98.Design\00.AbstractFactory</Filter>
    </ClInclude>
    <ClInclude Include="Shield.h">
      <Filter>01.Obj\04.Shield</Filter>
    </ClInclude>
    <ClInclude Include="RollBot.h">
      <Filter>01.Obj\05.RollBot</Filter>
    </ClInclude>
    <ClInclude Include="BulletMonster.h">
      <Filter>01.Obj\04.Bullet_Monster</Filter>
    </ClInclude>
    <ClInclude Include="Ultimate.h">
      <Filter>01.Obj\06.Ultimate</Filter>
    </ClInclude>
    <ClInclude Include="MonsterFactory.h">
      <Filter>98.Design\00.AbstractFactory</Filter>
    </ClInclude>
    <ClInclude Include="Monster_A.h">
      <Filter>01.Obj\02.Monster\02.Monster_A</Filter>
    </ClInclude>
    <ClInclude Include="Monster_B.h">
      <Filter>01.Obj\02.Monster\03.Monster_B</Filter>
    </ClInclude>
    <ClInclude Include="Monster_C.h">
      <Filter>01.Obj\02.Monster\04.Monster_C</Filter>
    </ClInclude>
    <ClInclude Include="Item_Guided.h">
      <Filter>01.Obj\03.Item\04.Guided</Filter>
    </ClInclude>
    <ClInclude Include="Item_RollBot.h">
      <Filter>01.Obj\03.Item\01.RollBot</Filter>
    </ClInclude>
    <ClInclude Include="Item_Shield.h">
      <Filter>01.Obj\03.Item\00.Shield</Filter>
    </ClInclude>
    <ClInclude Include="Item_UltiMate.h">
      <Filter>01.Obj\03.Item\02.Ultimate</Filter>
    </ClInclude>
    <ClInclude Include="Item_Bullet.h">
      <Filter>01.Obj\03.Item\05.Item_Bullet</Filter>
    </ClInclude>
    <ClInclude Include="Monster_Boss.h">
      <Filter>01.Obj\02.Monster\01.Monster_Boss</Filter>
    </ClInclude>
    <ClInclude Include="ScrewBullet.h">
      <Filter>01.Obj\01.Bullet\00. ScrewBullet</Filter>
    </ClInclude>
    <ClInclude Include="GuiBullet.h">
      <Filter>01.Obj\01.Bullet\01. GuiBullet</Filter>
    </ClInclude>
  </ItemGroup>
  <ItemGroup>
    <ClCompile Include="stdafx.cpp">
      <Filter>소스 파일</Filter>
    </ClCompile>
    <ClCompile Include="Team_1.cpp">
      <Filter>소스 파일</Filter>
    </ClCompile>
    <ClCompile Include="Obj.cpp">
      <Filter>01.Obj</Filter>
    </ClCompile>
    <ClCompile Include="Maingame.cpp">
      <Filter>00.Maingame</Filter>
    </ClCompile>
    <ClCompile Include="Player.cpp">
      <Filter>01.Obj\00.Player</Filter>
    </ClCompile>
    <ClCompile Include="Bullet.cpp">
      <Filter>01.Obj\01.Bullet</Filter>
    </ClCompile>
    <ClCompile Include="Monster.cpp">
      <Filter>01.Obj\02.Monster</Filter>
    </ClCompile>
    <ClCompile Include="Item.cpp">
      <Filter>01.Obj\03.Item</Filter>
    </ClCompile>
    <ClCompile Include="Collision.cpp">
      <Filter>98.Design\01.Collision</Filter>
    </ClCompile>
    <ClCompile Include="Shield.cpp">
      <Filter>01.Obj\04.Shield</Filter>
    </ClCompile>
    <ClCompile Include="RollBot.cpp">
      <Filter>01.Obj\05.RollBot</Filter>
    </ClCompile>
    <ClCompile Include="BulletMonster.cpp">
      <Filter>01.Obj\04.Bullet_Monster</Filter>
    </ClCompile>
    <ClCompile Include="Ultimate.cpp">
      <Filter>01.Obj\06.Ultimate</Filter>
    </ClCompile>
    <ClCompile Include="Monster_A.cpp">
      <Filter>01.Obj\02.Monster\02.Monster_A</Filter>
    </ClCompile>
    <ClCompile Include="Monster_B.cpp">
      <Filter>01.Obj\02.Monster\03.Monster_B</Filter>
    </ClCompile>
    <ClCompile Include="Monster_C.cpp">
      <Filter>01.Obj\02.Monster\04.Monster_C</Filter>
    </ClCompile>
    <ClCompile Include="Item_Guided.cpp">
      <Filter>01.Obj\03.Item\04.Guided</Filter>
    </ClCompile>
    <ClCompile Include="Item_RollBot.cpp">
      <Filter>01.Obj\03.Item\01.RollBot</Filter>
    </ClCompile>
    <ClCompile Include="Item_Shield.cpp">
      <Filter>01.Obj\03.Item\00.Shield</Filter>
    </ClCompile>
    <ClCompile Include="Item_UltiMate.cpp">
      <Filter>01.Obj\03.Item\02.Ultimate</Filter>
    </ClCompile>
    <ClCompile Include="Item_Bullet.cpp">
      <Filter>01.Obj\03.Item\05.Item_Bullet</Filter>
    </ClCompile>
    <ClCompile Include="Monster_Boss.cpp">
      <Filter>01.Obj\02.Monster\01.Monster_Boss</Filter>
    </ClCompile>
    <ClCompile Include="ScrewBullet.cpp">
      <Filter>01.Obj\01.Bullet\00. ScrewBullet</Filter>
    </ClCompile>
    <ClCompile Include="GuiBullet.cpp">
      <Filter>01.Obj\01.Bullet\01. GuiBullet</Filter>
    </ClCompile>
  </ItemGroup>
  <ItemGroup>
    <ResourceCompile Include="Team_1.rc">
      <Filter>리소스 파일</Filter>
    </ResourceCompile>
  </ItemGroup>
  <ItemGroup>
    <Image Include="small.ico">
      <Filter>리소스 파일</Filter>
    </Image>
    <Image Include="Team_1.ico">
      <Filter>리소스 파일</Filter>
    </Image>
  </ItemGroup>
</Project>